Microsoft Visual Studio Solution File, Format Version 12.00
# Visual Studio 15
Project("{2150E333-8FDC-42A3-9474-1A3956D46DE8}") = "Solution Items", "Solution Items", "{AF2D3A93-9D0F-48A5-9D72-48DFBB576F4E}"
	ProjectSection(SolutionItems) = preProject
		README.md = README.md
	EndProjectSection
EndProject
Project("{FAE04EC0-301F-11D3-BF4B-00C04F79EFBC}") = "Flush.Database.EntityFrameworkCore", "Flush.Database.EntityFrameworkCore\Flush.Database.EntityFrameworkCore.csproj", "{32A4E190-3DA3-40F8-94D8-F4F91E99C9C4}"
EndProject
Project("{FAE04EC0-301F-11D3-BF4B-00C04F79EFBC}") = "Flush.Server", "Flush.Server\Flush.Server.csproj", "{D2F8EAE6-F7CD-4AC5-AFF7-766B115317EF}"
EndProject
Project("{FAE04EC0-301F-11D3-BF4B-00C04F79EFBC}") = "Flush.Server.Test", "Flush.Server.Test\Flush.Server.Test.csproj", "{0E12F041-080A-44CA-A65B-04A5C2239E16}"
EndProject
Project("{FAE04EC0-301F-11D3-BF4B-00C04F79EFBC}") = "Flush.Client.BlazorWasm", "Flush.Client.BlazorWasm\Flush.Client.BlazorWasm.csproj", "{66F3DDC4-2D0D-42B4-90C1-36B64172609B}"
EndProject
Project("{FAE04EC0-301F-11D3-BF4B-00C04F79EFBC}") = "Flush.Database", "Flush.Database\Flush.Database.csproj", "{8C4FE70F-08A0-4175-A1F1-5364A98859FE}"
EndProject
Project("{FAE04EC0-301F-11D3-BF4B-00C04F79EFBC}") = "Flush.Core", "Flush.Core\Flush.Core.csproj", "{AA5F7E66-32AD-40B5-9CE4-316D60271818}"
EndProject
Project("{FAE04EC0-301F-11D3-BF4B-00C04F79EFBC}") = "Flush.Server.Host", "Flush.Server.Host\Flush.Server.Host.csproj", "{E5D702B6-6175-444B-9BCD-F43CB9886886}"
EndProject
Project("{FAE04EC0-301F-11D3-BF4B-00C04F79EFBC}") = "Flush.Tracing", "Flush.Tracing\Flush.Tracing.csproj", "{1EBFA99C-344B-441E-B179-E0443A588735}"
EndProject
Project("{9344BDBB-3E7F-41FC-A0DD-8665D75EE146}") = "Flush.Original", "Flush.Original\Flush.Original.csproj", "{A8CF584C-C47A-483F-A0F8-819BF68695A2}"
EndProject
Project("{FAE04EC0-301F-11D3-BF4B-00C04F79EFBC}") = "Flush.Configuration", "Flush.Configuration\Flush.Configuration.csproj", "{307B348F-C0F9-4A57-9366-D0BD0668618B}"
EndProject
Global
	GlobalSection(SolutionConfigurationPlatforms) = preSolution
		Debug|Any CPU = Debug|Any CPU
		Release|Any CPU = Release|Any CPU
	EndGlobalSection
	GlobalSection(ProjectConfigurationPlatforms) = postSolution
		{E935B3F0-8B16-414B-A925-CE2CF9D4C8A7}.Debug|Any CPU.ActiveCfg = Debug|Any CPU
		{E935B3F0-8B16-414B-A925-CE2CF9D4C8A7}.Debug|Any CPU.Build.0 = Debug|Any CPU
		{E935B3F0-8B16-414B-A925-CE2CF9D4C8A7}.Release|Any CPU.ActiveCfg = Release|Any CPU
		{E935B3F0-8B16-414B-A925-CE2CF9D4C8A7}.Release|Any CPU.Build.0 = Release|Any CPU
		{32A4E190-3DA3-40F8-94D8-F4F91E99C9C4}.Debug|Any CPU.ActiveCfg = Debug|Any CPU
		{32A4E190-3DA3-40F8-94D8-F4F91E99C9C4}.Debug|Any CPU.Build.0 = Debug|Any CPU
		{32A4E190-3DA3-40F8-94D8-F4F91E99C9C4}.Release|Any CPU.ActiveCfg = Release|Any CPU
		{32A4E190-3DA3-40F8-94D8-F4F91E99C9C4}.Release|Any CPU.Build.0 = Release|Any CPU
		{D2F8EAE6-F7CD-4AC5-AFF7-766B115317EF}.Debug|Any CPU.ActiveCfg = Debug|Any CPU
		{D2F8EAE6-F7CD-4AC5-AFF7-766B115317EF}.Debug|Any CPU.Build.0 = Debug|Any CPU
		{D2F8EAE6-F7CD-4AC5-AFF7-766B115317EF}.Release|Any CPU.ActiveCfg = Release|Any CPU
		{D2F8EAE6-F7CD-4AC5-AFF7-766B115317EF}.Release|Any CPU.Build.0 = Release|Any CPU
		{0E12F041-080A-44CA-A65B-04A5C2239E16}.Debug|Any CPU.ActiveCfg = Debug|Any CPU
		{0E12F041-080A-44CA-A65B-04A5C2239E16}.Debug|Any CPU.Build.0 = Debug|Any CPU
		{0E12F041-080A-44CA-A65B-04A5C2239E16}.Release|Any CPU.ActiveCfg = Release|Any CPU
		{0E12F041-080A-44CA-A65B-04A5C2239E16}.Release|Any CPU.Build.0 = Release|Any CPU
		{66F3DDC4-2D0D-42B4-90C1-36B64172609B}.Debug|Any CPU.ActiveCfg = Debug|Any CPU
		{66F3DDC4-2D0D-42B4-90C1-36B64172609B}.Debug|Any CPU.Build.0 = Debug|Any CPU
		{66F3DDC4-2D0D-42B4-90C1-36B64172609B}.Release|Any CPU.ActiveCfg = Release|Any CPU
		{66F3DDC4-2D0D-42B4-90C1-36B64172609B}.Release|Any CPU.Build.0 = Release|Any CPU
		{8C4FE70F-08A0-4175-A1F1-5364A98859FE}.Debug|Any CPU.ActiveCfg = Debug|Any CPU
		{8C4FE70F-08A0-4175-A1F1-5364A98859FE}.Debug|Any CPU.Build.0 = Debug|Any CPU
		{8C4FE70F-08A0-4175-A1F1-5364A98859FE}.Release|Any CPU.ActiveCfg = Release|Any CPU
		{8C4FE70F-08A0-4175-A1F1-5364A98859FE}.Release|Any CPU.Build.0 = Release|Any CPU
		{AA5F7E66-32AD-40B5-9CE4-316D60271818}.Debug|Any CPU.ActiveCfg = Debug|Any CPU
		{AA5F7E66-32AD-40B5-9CE4-316D60271818}.Debug|Any CPU.Build.0 = Debug|Any CPU
		{AA5F7E66-32AD-40B5-9CE4-316D60271818}.Release|Any CPU.ActiveCfg = Release|Any CPU
		{AA5F7E66-32AD-40B5-9CE4-316D60271818}.Release|Any CPU.Build.0 = Release|Any CPU
		{E5D702B6-6175-444B-9BCD-F43CB9886886}.Debug|Any CPU.ActiveCfg = Debug|Any CPU
		{E5D702B6-6175-444B-9BCD-F43CB9886886}.Debug|Any CPU.Build.0 = Debug|Any CPU
		{E5D702B6-6175-444B-9BCD-F43CB9886886}.Release|Any CPU.ActiveCfg = Release|Any CPU
		{E5D702B6-6175-444B-9BCD-F43CB9886886}.Release|Any CPU.Build.0 = Release|Any CPU
		{1EBFA99C-344B-441E-B179-E0443A588735}.Debug|Any CPU.ActiveCfg = Debug|Any CPU
		{1EBFA99C-344B-441E-B179-E0443A588735}.Debug|Any CPU.Build.0 = Debug|Any CPU
		{1EBFA99C-344B-441E-B179-E0443A588735}.Release|Any CPU.ActiveCfg = Release|Any CPU
		{1EBFA99C-344B-441E-B179-E0443A588735}.Release|Any CPU.Build.0 = Release|Any CPU
		{A8CF584C-C47A-483F-A0F8-819BF68695A2}.Debug|Any CPU.ActiveCfg = Debug|Any CPU
		{A8CF584C-C47A-483F-A0F8-819BF68695A2}.Debug|Any CPU.Build.0 = Debug|Any CPU
		{A8CF584C-C47A-483F-A0F8-819BF68695A2}.Release|Any CPU.ActiveCfg = Release|Any CPU
		{A8CF584C-C47A-483F-A0F8-819BF68695A2}.Release|Any CPU.Build.0 = Release|Any CPU
		{307B348F-C0F9-4A57-9366-D0BD0668618B}.Debug|Any CPU.ActiveCfg = Debug|Any CPU
		{307B348F-C0F9-4A57-9366-D0BD0668618B}.Debug|Any CPU.Build.0 = Debug|Any CPU
		{307B348F-C0F9-4A57-9366-D0BD0668618B}.Release|Any CPU.ActiveCfg = Release|Any CPU
		{307B348F-C0F9-4A57-9366-D0BD0668618B}.Release|Any CPU.Build.0 = Release|Any CPU
	EndGlobalSection
	GlobalSection(MonoDevelopProperties) = preSolution
		version = 0.1.0
		Policies = $0
		$0.DotNetNamingPolicy = $1
		$1.DirectoryNamespaceAssociation = PrefixedHierarchical
		$0.TextStylePolicy = $2
		$2.inheritsSet = null
		$2.scope = text/x-csharp
		$0.CSharpFormattingPolicy = $3
		$3.scope = text/x-csharp
		$0.VersionControlPolicy = $4
		$0.StandardHeader = $5
	EndGlobalSection
	GlobalSection(NestedProjects) = preSolution
	EndGlobalSection
EndGlobal
